
Microsoft Visual Studio Solution File, Format Version 12.00
# Visual Studio Version 17
VisualStudioVersion = 17.14.36203.30 d17.14
MinimumVisualStudioVersion = 10.0.40219.1
Project("{FAE04EC0-301F-11D3-BF4B-00C04F79EFBC}") = "ZlatnaVilitsa", "ZlatnaVilitsa\ZlatnaVilitsa.csproj", "{D6E060C2-2AB1-4B30-B140-93568CE7A2D5}"
EndProject
Global
	GlobalSection(SolutionConfigurationPlatforms) = preSolution
		Debug|Any CPU = Debug|Any CPU
		Release|Any CPU = Release|Any CPU
	EndGlobalSection
	GlobalSection(ProjectConfigurationPlatforms) = postSolution
		{D6E060C2-2AB1-4B30-B140-93568CE7A2D5}.Debug|Any CPU.ActiveCfg = Debug|Any CPU
		{D6E060C2-2AB1-4B30-B140-93568CE7A2D5}.Debug|Any CPU.Build.0 = Debug|Any CPU
		{D6E060C2-2AB1-4B30-B140-93568CE7A2D5}.Release|Any CPU.ActiveCfg = Release|Any CPU
		{D6E060C2-2AB1-4B30-B140-93568CE7A2D5}.Release|Any CPU.Build.0 = Release|Any CPU
	EndGlobalSection
	GlobalSection(SolutionProperties) = preSolution
		HideSolutionNode = FALSE
	EndGlobalSection
	GlobalSection(ExtensibilityGlobals) = postSolution
		SolutionGuid = {66EE264A-93CB-4636-822D-F511B1193E87}
	EndGlobalSection
EndGlobal
